
Microsoft Visual Studio Solution File, Format Version 12.00
# Visual Studio 15
Project("{FAE04EC0-301F-11D3-BF4B-00C04F79EFBC}") = "Assembly-CSharp", "Assembly-CSharp.csproj", "{B54D0336-AE5B-C615-5D55-1116982FEDBF}"
EndProject
Project("{FAE04EC0-301F-11D3-BF4B-00C04F79EFBC}") = "FFmpegOut", "FFmpegOut.csproj", "{FCBC3EE2-B277-9C6D-8E6C-606B085554FA}"
EndProject
Project("{FAE04EC0-301F-11D3-BF4B-00C04F79EFBC}") = "Assembly-CSharp-Editor", "Assembly-CSharp-Editor.csproj", "{C0422051-5E45-5D4A-4C27-AD4F2E031CD2}"
EndProject
Project("{FAE04EC0-301F-11D3-BF4B-00C04F79EFBC}") = "FFmpegOut.Editor", "FFmpegOut.Editor.csproj", "{309643ED-A3BF-7CFB-BE18-E3E350A41FA2}"
EndProject
Global
	GlobalSection(SolutionConfigurationPlatforms) = preSolution
		Debug|Any CPU = Debug|Any CPU
		Release|Any CPU = Release|Any CPU
	EndGlobalSection
	GlobalSection(ProjectConfigurationPlatforms) = postSolution
		{B54D0336-AE5B-C615-5D55-1116982FEDBF}.Debug|Any CPU.ActiveCfg = Debug|Any CPU
		{B54D0336-AE5B-C615-5D55-1116982FEDBF}.Debug|Any CPU.Build.0 = Debug|Any CPU
		{B54D0336-AE5B-C615-5D55-1116982FEDBF}.Release|Any CPU.ActiveCfg = Release|Any CPU
		{B54D0336-AE5B-C615-5D55-1116982FEDBF}.Release|Any CPU.Build.0 = Release|Any CPU
		{FCBC3EE2-B277-9C6D-8E6C-606B085554FA}.Debug|Any CPU.ActiveCfg = Debug|Any CPU
		{FCBC3EE2-B277-9C6D-8E6C-606B085554FA}.Debug|Any CPU.Build.0 = Debug|Any CPU
		{FCBC3EE2-B277-9C6D-8E6C-606B085554FA}.Release|Any CPU.ActiveCfg = Release|Any CPU
		{FCBC3EE2-B277-9C6D-8E6C-606B085554FA}.Release|Any CPU.Build.0 = Release|Any CPU
		{C0422051-5E45-5D4A-4C27-AD4F2E031CD2}.Debug|Any CPU.ActiveCfg = Debug|Any CPU
		{C0422051-5E45-5D4A-4C27-AD4F2E031CD2}.Debug|Any CPU.Build.0 = Debug|Any CPU
		{C0422051-5E45-5D4A-4C27-AD4F2E031CD2}.Release|Any CPU.ActiveCfg = Release|Any CPU
		{C0422051-5E45-5D4A-4C27-AD4F2E031CD2}.Release|Any CPU.Build.0 = Release|Any CPU
		{309643ED-A3BF-7CFB-BE18-E3E350A41FA2}.Debug|Any CPU.ActiveCfg = Debug|Any CPU
		{309643ED-A3BF-7CFB-BE18-E3E350A41FA2}.Debug|Any CPU.Build.0 = Debug|Any CPU
		{309643ED-A3BF-7CFB-BE18-E3E350A41FA2}.Release|Any CPU.ActiveCfg = Release|Any CPU
		{309643ED-A3BF-7CFB-BE18-E3E350A41FA2}.Release|Any CPU.Build.0 = Release|Any CPU
	EndGlobalSection
	GlobalSection(SolutionProperties) = preSolution
		HideSolutionNode = FALSE
	EndGlobalSection
EndGlobal
